// !$*UTF8*$!
{
	archiveVersion = 1;
	classes = {
	};
	objectVersion = 46;
	objects = {

/* Begin PBXBuildFile section */
		ED607C881A63C4C9007FC3B7 /* main.m in Sources */ = {isa = PBXBuildFile; fileRef = ED607C871A63C4C9007FC3B7 /* main.m */; };
		ED607C8B1A63C4C9007FC3B7 /* AppDelegate.m in Sources */ = {isa = PBXBuildFile; fileRef = ED607C8A1A63C4C9007FC3B7 /* AppDelegate.m */; };
		ED607C911A63C4C9007FC3B7 /* Main.storyboard in Resources */ = {isa = PBXBuildFile; fileRef = ED607C8F1A63C4C9007FC3B7 /* Main.storyboard */; };
		ED607C931A63C4C9007FC3B7 /* Images.xcassets in Resources */ = {isa = PBXBuildFile; fileRef = ED607C921A63C4C9007FC3B7 /* Images.xcassets */; };
		ED607C961A63C4C9007FC3B7 /* LaunchScreen.xib in Resources */ = {isa = PBXBuildFile; fileRef = ED607C941A63C4C9007FC3B7 /* LaunchScreen.xib */; };
		ED607CA21A63C4C9007FC3B7 /* ToDoListTests.m in Sources */ = {isa = PBXBuildFile; fileRef = ED607CA11A63C4C9007FC3B7 /* ToDoListTests.m */; };
		ED607CAD1A63DB96007FC3B7 /* AddSiteViewController.m in Sources */ = {isa = PBXBuildFile; fileRef = ED607CAC1A63DB96007FC3B7 /* AddSiteViewController.m */; };
		ED607CB31A63DCB8007FC3B7 /* SitiTableViewController.m in Sources */ = {isa = PBXBuildFile; fileRef = ED607CB21A63DCB8007FC3B7 /* SitiTableViewController.m */; };
		ED607CB61A642D63007FC3B7 /* ToDoItem.m in Sources */ = {isa = PBXBuildFile; fileRef = ED607CB51A642D63007FC3B7 /* ToDoItem.m */; };
		EDA854951A65285600A78879 /* CustomCell.m in Sources */ = {isa = PBXBuildFile; fileRef = EDA854931A65285600A78879 /* CustomCell.m */; };
		EDA854961A65285600A78879 /* CustomCell.xib in Resources */ = {isa = PBXBuildFile; fileRef = EDA854941A65285600A78879 /* CustomCell.xib */; };
		EDA854981A652BB200A78879 /* Icon.png in Resources */ = {isa = PBXBuildFile; fileRef = EDA854971A652BB200A78879 /* Icon.png */; };
/* End PBXBuildFile section */

/* Begin PBXContainerItemProxy section */
		ED607C9C1A63C4C9007FC3B7 /* PBXContainerItemProxy */ = {
			isa = PBXContainerItemProxy;
			containerPortal = ED607C7A1A63C4C8007FC3B7 /* Project object */;
			proxyType = 1;
			remoteGlobalIDString = ED607C811A63C4C8007FC3B7;
			remoteInfo = ToDoList;
		};
/* End PBXContainerItemProxy section */

/* Begin PBXFileReference section */
		ED607C821A63C4C8007FC3B7 /* ToDoList.app */ = {isa = PBXFileReference; explicitFileType = wrapper.application; includeInIndex = 0; path = ToDoList.app; sourceTree = BUILT_PRODUCTS_DIR; };
		ED607C861A63C4C9007FC3B7 /* Info.plist */ = {isa = PBXFileReference; lastKnownFileType = text.plist.xml; path = Info.plist; sourceTree = "<group>"; };
		ED607C871A63C4C9007FC3B7 /* main.m */ = {isa = PBXFileReference; lastKnownFileType = sourcecode.c.objc; path = main.m; sourceTree = "<group>"; };
		ED607C891A63C4C9007FC3B7 /* AppDelegate.h */ = {isa = PBXFileReference; lastKnownFileType = sourcecode.c.h; path = AppDelegate.h; sourceTree = "<group>"; };
		ED607C8A1A63C4C9007FC3B7 /* AppDelegate.m */ = {isa = PBXFileReference; lastKnownFileType = sourcecode.c.objc; path = AppDelegate.m; sourceTree = "<group>"; };
		ED607C901A63C4C9007FC3B7 /* Base */ = {isa = PBXFileReference; lastKnownFileType = file.storyboard; name = Base; path = Base.lproj/Main.storyboard; sourceTree = "<group>"; };
		ED607C921A63C4C9007FC3B7 /* Images.xcassets */ = {isa = PBXFileReference; lastKnownFileType = folder.assetcatalog; path = Images.xcassets; sourceTree = "<group>"; };
		ED607C951A63C4C9007FC3B7 /* Base */ = {isa = PBXFileReference; lastKnownFileType = file.xib; name = Base; path = Base.lproj/LaunchScreen.xib; sourceTree = "<group>"; };
		ED607C9B1A63C4C9007FC3B7 /* ToDoListTests.xctest */ = {isa = PBXFileReference; explicitFileType = wrapper.cfbundle; includeInIndex = 0; path = ToDoListTests.xctest; sourceTree = BUILT_PRODUCTS_DIR; };
		ED607CA01A63C4C9007FC3B7 /* Info.plist */ = {isa = PBXFileReference; lastKnownFileType = text.plist.xml; path = Info.plist; sourceTree = "<group>"; };
		ED607CA11A63C4C9007FC3B7 /* ToDoListTests.m */ = {isa = PBXFileReference; lastKnownFileType = sourcecode.c.objc; path = ToDoListTests.m; sourceTree = "<group>"; };
		ED607CAB1A63DB96007FC3B7 /* AddSiteViewController.h */ = {isa = PBXFileReference; fileEncoding = 4; lastKnownFileType = sourcecode.c.h; name = AddSiteViewController.h; path = ../AddSiteViewController.h; sourceTree = "<group>"; };
		ED607CAC1A63DB96007FC3B7 /* AddSiteViewController.m */ = {isa = PBXFileReference; fileEncoding = 4; lastKnownFileType = sourcecode.c.objc; name = AddSiteViewController.m; path = ../AddSiteViewController.m; sourceTree = "<group>"; };
		ED607CB11A63DCB8007FC3B7 /* SitiTableViewController.h */ = {isa = PBXFileReference; fileEncoding = 4; lastKnownFileType = sourcecode.c.h; name = SitiTableViewController.h; path = ../SitiTableViewController.h; sourceTree = "<group>"; };
		ED607CB21A63DCB8007FC3B7 /* SitiTableViewController.m */ = {isa = PBXFileReference; fileEncoding = 4; lastKnownFileType = sourcecode.c.objc; name = SitiTableViewController.m; path = ../SitiTableViewController.m; sourceTree = "<group>"; };
		ED607CB41A642D63007FC3B7 /* ToDoItem.h */ = {isa = PBXFileReference; fileEncoding = 4; lastKnownFileType = sourcecode.c.h; path = ToDoItem.h; sourceTree = "<group>"; };
		ED607CB51A642D63007FC3B7 /* ToDoItem.m */ = {isa = PBXFileReference; fileEncoding = 4; lastKnownFileType = sourcecode.c.objc; path = ToDoItem.m; sourceTree = "<group>"; };
		EDA854921A65285600A78879 /* CustomCell.h */ = {isa = PBXFileReference; fileEncoding = 4; lastKnownFileType = sourcecode.c.h; name = CustomCell.h; path = ../CustomCell.h; sourceTree = "<group>"; };
		EDA854931A65285600A78879 /* CustomCell.m */ = {isa = PBXFileReference; fileEncoding = 4; lastKnownFileType = sourcecode.c.objc; name = CustomCell.m; path = ../CustomCell.m; sourceTree = "<group>"; };
		EDA854941A65285600A78879 /* CustomCell.xib */ = {isa = PBXFileReference; fileEncoding = 4; lastKnownFileType = file.xib; name = CustomCell.xib; path = ../CustomCell.xib; sourceTree = "<group>"; };
		EDA854971A652BB200A78879 /* Icon.png */ = {isa = PBXFileReference; lastKnownFileType = image.png; path = Icon.png; sourceTree = "<group>"; };
/* End PBXFileReference section */

/* Begin PBXFrameworksBuildPhase section */
		ED607C7F1A63C4C8007FC3B7 /* Frameworks */ = {
			isa = PBXFrameworksBuildPhase;
			buildActionMask = 2147483647;
			files = (
			);
			runOnlyForDeploymentPostprocessing = 0;
		};
		ED607C981A63C4C9007FC3B7 /* Frameworks */ = {
			isa = PBXFrameworksBuildPhase;
			buildActionMask = 2147483647;
			files = (
			);
			runOnlyForDeploymentPostprocessing = 0;
		};
/* End PBXFrameworksBuildPhase section */

/* Begin PBXGroup section */
		ED607C791A63C4C8007FC3B7 = {
			isa = PBXGroup;
			children = (
				ED607C841A63C4C8007FC3B7 /* ToDoList */,
				ED607C9E1A63C4C9007FC3B7 /* ToDoListTests */,
				ED607C831A63C4C8007FC3B7 /* Products */,
			);
			sourceTree = "<group>";
		};
		ED607C831A63C4C8007FC3B7 /* Products */ = {
			isa = PBXGroup;
			children = (
				ED607C821A63C4C8007FC3B7 /* ToDoList.app */,
				ED607C9B1A63C4C9007FC3B7 /* ToDoListTests.xctest */,
			);
			name = Products;
			sourceTree = "<group>";
		};
		ED607C841A63C4C8007FC3B7 /* ToDoList */ = {
			isa = PBXGroup;
			children = (
				EDA854921A65285600A78879 /* CustomCell.h */,
				EDA854931A65285600A78879 /* CustomCell.m */,
				EDA854941A65285600A78879 /* CustomCell.xib */,
				ED607CB11A63DCB8007FC3B7 /* SitiTableViewController.h */,
				ED607CB21A63DCB8007FC3B7 /* SitiTableViewController.m */,
				ED607CB41A642D63007FC3B7 /* ToDoItem.h */,
				ED607CB51A642D63007FC3B7 /* ToDoItem.m */,
				ED607CAB1A63DB96007FC3B7 /* AddSiteViewController.h */,
				ED607CAC1A63DB96007FC3B7 /* AddSiteViewController.m */,
				ED607C891A63C4C9007FC3B7 /* AppDelegate.h */,
				ED607C8A1A63C4C9007FC3B7 /* AppDelegate.m */,
				ED607C8F1A63C4C9007FC3B7 /* Main.storyboard */,
				ED607C921A63C4C9007FC3B7 /* Images.xcassets */,
				ED607C941A63C4C9007FC3B7 /* LaunchScreen.xib */,
				ED607C851A63C4C8007FC3B7 /* Supporting Files */,
			);
			path = ToDoList;
			sourceTree = "<group>";
		};
		ED607C851A63C4C8007FC3B7 /* Supporting Files */ = {
			isa = PBXGroup;
			children = (
				EDA854971A652BB200A78879 /* Icon.png */,
				ED607C861A63C4C9007FC3B7 /* Info.plist */,
				ED607C871A63C4C9007FC3B7 /* main.m */,
			);
			name = "Supporting Files";
			sourceTree = "<group>";
		};
		ED607C9E1A63C4C9007FC3B7 /* ToDoListTests */ = {
			isa = PBXGroup;
			children = (
				ED607CA11A63C4C9007FC3B7 /* ToDoListTests.m */,
				ED607C9F1A63C4C9007FC3B7 /* Supporting Files */,
			);
			path = ToDoListTests;
			sourceTree = "<group>";
		};
		ED607C9F1A63C4C9007FC3B7 /* Supporting Files */ = {
			isa = PBXGroup;
			children = (
				ED607CA01A63C4C9007FC3B7 /* Info.plist */,
			);
			name = "Supporting Files";
			sourceTree = "<group>";
		};
/* End PBXGroup section */

/* Begin PBXNativeTarget section */
		ED607C811A63C4C8007FC3B7 /* ToDoList */ = {
			isa = PBXNativeTarget;
			buildConfigurationList = ED607CA51A63C4C9007FC3B7 /* Build configuration list for PBXNativeTarget "ToDoList" */;
			buildPhases = (
				ED607C7E1A63C4C8007FC3B7 /* Sources */,
				ED607C7F1A63C4C8007FC3B7 /* Frameworks */,
				ED607C801A63C4C8007FC3B7 /* Resources */,
			);
			buildRules = (
			);
			dependencies = (
			);
			name = ToDoList;
			productName = ToDoList;
			productReference = ED607C821A63C4C8007FC3B7 /* ToDoList.app */;
			productType = "com.apple.product-type.application";
		};
		ED607C9A1A63C4C9007FC3B7 /* ToDoListTests */ = {
			isa = PBXNativeTarget;
			buildConfigurationList = ED607CA81A63C4C9007FC3B7 /* Build configuration list for PBXNativeTarget "ToDoListTests" */;
			buildPhases = (
				ED607C971A63C4C9007FC3B7 /* Sources */,
				ED607C981A63C4C9007FC3B7 /* Frameworks */,
				ED607C991A63C4C9007FC3B7 /* Resources */,
			);
			buildRules = (
			);
			dependencies = (
				ED607C9D1A63C4C9007FC3B7 /* PBXTargetDependency */,
			);
			name = ToDoListTests;
			productName = ToDoListTests;
			productReference = ED607C9B1A63C4C9007FC3B7 /* ToDoListTests.xctest */;
			productType = "com.apple.product-type.bundle.unit-test";
		};
/* End PBXNativeTarget section */

/* Begin PBXProject section */
		ED607C7A1A63C4C8007FC3B7 /* Project object */ = {
			isa = PBXProject;
			attributes = {
				LastUpgradeCheck = 0610;
				ORGANIZATIONNAME = Lorenzo;
				TargetAttributes = {
					ED607C811A63C4C8007FC3B7 = {
						CreatedOnToolsVersion = 6.1.1;
					};
					ED607C9A1A63C4C9007FC3B7 = {
						CreatedOnToolsVersion = 6.1.1;
						TestTargetID = ED607C811A63C4C8007FC3B7;
					};
				};
			};
			buildConfigurationList = ED607C7D1A63C4C8007FC3B7 /* Build configuration list for PBXProject "ToDoList" */;
			compatibilityVersion = "Xcode 3.2";
			developmentRegion = English;
			hasScannedForEncodings = 0;
			knownRegions = (
				en,
				Base,
			);
			mainGroup = ED607C791A63C4C8007FC3B7;
			productRefGroup = ED607C831A63C4C8007FC3B7 /* Products */;
			projectDirPath = "";
			projectRoot = "";
			targets = (
				ED607C811A63C4C8007FC3B7 /* ToDoList */,
				ED607C9A1A63C4C9007FC3B7 /* ToDoListTests */,
			);
		};
/* End PBXProject section */

/* Begin PBXResourcesBuildPhase section */
		ED607C801A63C4C8007FC3B7 /* Resources */ = {
			isa = PBXResourcesBuildPhase;
			buildActionMask = 2147483647;
			files = (
				ED607C911A63C4C9007FC3B7 /* Main.storyboard in Resources */,
				ED607C961A63C4C9007FC3B7 /* LaunchScreen.xib in Resources */,
				EDA854981A652BB200A78879 /* Icon.png in Resources */,
				EDA854961A65285600A78879 /* CustomCell.xib in Resources */,
				ED607C931A63C4C9007FC3B7 /* Images.xcassets in Resources */,
			);
			runOnlyForDeploymentPostprocessing = 0;
		};
		ED607C991A63C4C9007FC3B7 /* Resources */ = {
			isa = PBXResourcesBuildPhase;
			buildActionMask = 2147483647;
			files = (
			);
			runOnlyForDeploymentPostprocessing = 0;
		};
/* End PBXResourcesBuildPhase section */

/* Begin PBXSourcesBuildPhase section */
		ED607C7E1A63C4C8007FC3B7 /* Sources */ = {
			isa = PBXSourcesBuildPhase;
			buildActionMask = 2147483647;
			files = (
				ED607CB31A63DCB8007FC3B7 /* SitiTableViewController.m in Sources */,
				ED607CB61A642D63007FC3B7 /* ToDoItem.m in Sources */,
				EDA854951A65285600A78879 /* CustomCell.m in Sources */,
				ED607C8B1A63C4C9007FC3B7 /* AppDelegate.m in Sources */,
				ED607C881A63C4C9007FC3B7 /* main.m in Sources */,
				ED607CAD1A63DB96007FC3B7 /* AddSiteViewController.m in Sources */,
			);
			runOnlyForDeploymentPostprocessing = 0;
		};
		ED607C971A63C4C9007FC3B7 /* Sources */ = {
			isa = PBXSourcesBuildPhase;
			buildActionMask = 2147483647;
			files = (
				ED607CA21A63C4C9007FC3B7 /* ToDoListTests.m in Sources */,
			);
			runOnlyForDeploymentPostprocessing = 0;
		};
/* End PBXSourcesBuildPhase section */

/* Begin PBXTargetDependency section */
		ED607C9D1A63C4C9007FC3B7 /* PBXTargetDependency */ = {
			isa = PBXTargetDependency;
			target = ED607C811A63C4C8007FC3B7 /* ToDoList */;
			targetProxy = ED607C9C1A63C4C9007FC3B7 /* PBXContainerItemProxy */;
		};
/* End PBXTargetDependency section */

/* Begin PBXVariantGroup section */
		ED607C8F1A63C4C9007FC3B7 /* Main.storyboard */ = {
			isa = PBXVariantGroup;
			children = (
				ED607C901A63C4C9007FC3B7 /* Base */,
			);
			name = Main.storyboard;
			sourceTree = "<group>";
		};
		ED607C941A63C4C9007FC3B7 /* LaunchScreen.xib */ = {
			isa = PBXVariantGroup;
			children = (
				ED607C951A63C4C9007FC3B7 /* Base */,
			);
			name = LaunchScreen.xib;
			sourceTree = "<group>";
		};
/* End PBXVariantGroup section */

/* Begin XCBuildConfiguration section */
		ED607CA31A63C4C9007FC3B7 /* Debug */ = {
			isa = XCBuildConfiguration;
			buildSettings = {
				ALWAYS_SEARCH_USER_PATHS = NO;
				CLANG_CXX_LANGUAGE_STANDARD = "gnu++0x";
				CLANG_CXX_LIBRARY = "libc++";
				CLANG_ENABLE_MODULES = YES;
				CLANG_ENABLE_OBJC_ARC = YES;
				CLANG_WARN_BOOL_CONVERSION = YES;
				CLANG_WARN_CONSTANT_CONVERSION = YES;
				CLANG_WARN_DIRECT_OBJC_ISA_USAGE = YES_ERROR;
				CLANG_WARN_EMPTY_BODY = YES;
				CLANG_WARN_ENUM_CONVERSION = YES;
				CLANG_WARN_INT_CONVERSION = YES;
				CLANG_WARN_OBJC_ROOT_CLASS = YES_ERROR;
				CLANG_WARN_UNREACHABLE_CODE = YES;
				CLANG_WARN__DUPLICATE_METHOD_MATCH = YES;
				"CODE_SIGN_IDENTITY[sdk=iphoneos*]" = "iPhone Developer";
				COPY_PHASE_STRIP = NO;
				ENABLE_STRICT_OBJC_MSGSEND = YES;
				GCC_C_LANGUAGE_STANDARD = gnu99;
				GCC_DYNAMIC_NO_PIC = NO;
				GCC_OPTIMIZATION_LEVEL = 0;
				GCC_PREPROCESSOR_DEFINITIONS = (
					"DEBUG=1",
					"$(inherited)",
				);
				GCC_SYMBOLS_PRIVATE_EXTERN = NO;
				GCC_WARN_64_TO_32_BIT_CONVERSION = YES;
				GCC_WARN_ABOUT_RETURN_TYPE = YES_ERROR;
				GCC_WARN_UNDECLARED_SELECTOR = YES;
				GCC_WARN_UNINITIALIZED_AUTOS = YES_AGGRESSIVE;
				GCC_WARN_UNUSED_FUNCTION = YES;
				GCC_WARN_UNUSED_VARIABLE = YES;
				IPHONEOS_DEPLOYMENT_TARGET = 8.1;
				MTL_ENABLE_DEBUG_INFO = YES;
				ONLY_ACTIVE_ARCH = YES;
				SDKROOT = iphoneos;
				TARGETED_DEVICE_FAMILY = "1,2";
			};
			name = Debug;
		};
		ED607CA41A63C4C9007FC3B7 /* Release */ = {
			isa = XCBuildConfiguration;
			buildSettings = {
				ALWAYS_SEARCH_USER_PATHS = NO;
				CLANG_CXX_LANGUAGE_STANDARD = "gnu++0x";
				CLANG_CXX_LIBRARY = "libc++";
				CLANG_ENABLE_MODULES = YES;
				CLANG_ENABLE_OBJC_ARC = YES;
				CLANG_WARN_BOOL_CONVERSION = YES;
				CLANG_WARN_CONSTANT_CONVERSION = YES;
				CLANG_WARN_DIRECT_OBJC_ISA_USAGE = YES_ERROR;
				CLANG_WARN_EMPTY_BODY = YES;
				CLANG_WARN_ENUM_CONVERSION = YES;
				CLANG_WARN_INT_CONVERSION = YES;
				CLANG_WARN_OBJC_ROOT_CLASS = YES_ERROR;
				CLANG_WARN_UNREACHABLE_CODE = YES;
				CLANG_WARN__DUPLICATE_METHOD_MATCH = YES;
				"CODE_SIGN_IDENTITY[sdk=iphoneos*]" = "iPhone Developer";
				COPY_PHASE_STRIP = YES;
				ENABLE_NS_ASSERTIONS = NO;
				ENABLE_STRICT_OBJC_MSGSEND = YES;
				GCC_C_LANGUAGE_STANDARD = gnu99;
				GCC_WARN_64_TO_32_BIT_CONVERSION = YES;
				GCC_WARN_ABOUT_RETURN_TYPE = YES_ERROR;
				GCC_WARN_UNDECLARED_SELECTOR = YES;
				GCC_WARN_UNINITIALIZED_AUTOS = YES_AGGRESSIVE;
				GCC_WARN_UNUSED_FUNCTION = YES;
				GCC_WARN_UNUSED_VARIABLE = YES;
				IPHONEOS_DEPLOYMENT_TARGET = 8.1;
				MTL_ENABLE_DEBUG_INFO = NO;
				SDKROOT = iphoneos;
				TARGETED_DEVICE_FAMILY = "1,2";
				VALIDATE_PRODUCT = YES;
			};
			name = Release;
		};
		ED607CA61A63C4C9007FC3B7 /* Debug */ = {
			isa = XCBuildConfiguration;
			buildSettings = {
				ASSETCATALOG_COMPILER_APPICON_NAME = AppIcon;
				INFOPLIST_FILE = ToDoList/Info.plist;
				LD_RUNPATH_SEARCH_PATHS = "$(inherited) @executable_path/Frameworks";
				PRODUCT_NAME = "$(TARGET_NAME)";
			};
			name = Debug;
		};
		ED607CA71A63C4C9007FC3B7 /* Release */ = {
			isa = XCBuildConfiguration;
			buildSettings = {
				ASSETCATALOG_COMPILER_APPICON_NAME = AppIcon;
				INFOPLIST_FILE = ToDoList/Info.plist;
				LD_RUNPATH_SEARCH_PATHS = "$(inherited) @executable_path/Frameworks";
				PRODUCT_NAME = "$(TARGET_NAME)";
			};
			name = Release;
		};
		ED607CA91A63C4C9007FC3B7 /* Debug */ = {
			isa = XCBuildConfiguration;
			buildSettings = {
				BUNDLE_LOADER = "$(TEST_HOST)";
				FRAMEWORK_SEARCH_PATHS = (
					"$(SDKROOT)/Developer/Library/Frameworks",
					"$(inherited)",
				);
				GCC_PREPROCESSOR_DEFINITIONS = (
					"DEBUG=1",
					"$(inherited)",
				);
				INFOPLIST_FILE = ToDoListTests/Info.plist;
				LD_RUNPATH_SEARCH_PATHS = "$(inherited) @executable_path/Frameworks @loader_path/Frameworks";
				PRODUCT_NAME = "$(TARGET_NAME)";
				TEST_HOST = "$(BUILT_PRODUCTS_DIR)/ToDoList.app/ToDoList";
			};
			name = Debug;
		};
		ED607CAA1A63C4C9007FC3B7 /* Release */ = {
			isa = XCBuildConfiguration;
			buildSettings = {
				BUNDLE_LOADER = "$(TEST_HOST)";
				FRAMEWORK_SEARCH_PATHS = (
					"$(SDKROOT)/Developer/Library/Frameworks",
					"$(inherited)",
				);
				INFOPLIST_FILE = ToDoListTests/Info.plist;
				LD_RUNPATH_SEARCH_PATHS = "$(inherited) @executable_path/Frameworks @loader_path/Frameworks";
				PRODUCT_NAME = "$(TARGET_NAME)";
				TEST_HOST = "$(BUILT_PRODUCTS_DIR)/ToDoList.app/ToDoList";
			};
			name = Release;
		};
/* End XCBuildConfiguration section */

/* Begin XCConfigurationList section */
		ED607C7D1A63C4C8007FC3B7 /* Build configuration list for PBXProject "ToDoList" */ = {
			isa = XCConfigurationList;
			buildConfigurations = (
				ED607CA31A63C4C9007FC3B7 /* Debug */,
				ED607CA41A63C4C9007FC3B7 /* Release */,
			);
			defaultConfigurationIsVisible = 0;
			defaultConfigurationName = Release;
		};
		ED607CA51A63C4C9007FC3B7 /* Build configuration list for PBXNativeTarget "ToDoList" */ = {
			isa = XCConfigurationList;
			buildConfigurations = (
				ED607CA61A63C4C9007FC3B7 /* Debug */,
				ED607CA71A63C4C9007FC3B7 /* Release */,
			);
			defaultConfigurationIsVisible = 0;
			defaultConfigurationName = Release;
		};
		ED607CA81A63C4C9007FC3B7 /* Build configuration list for PBXNativeTarget "ToDoListTests" */ = {
			isa = XCConfigurationList;
			buildConfigurations = (
				ED607CA91A63C4C9007FC3B7 /* Debug */,
				ED607CAA1A63C4C9007FC3B7 /* Release */,
			);
			defaultConfigurationIsVisible = 0;
			defaultConfigurationName = Release;
		};
/* End XCConfigurationList section */
	};
	rootObject = ED607C7A1A63C4C8007FC3B7 /* Project object */;
}
